
Microsoft Visual Studio Solution File, Format Version 12.00
# Visual Studio Version 17
VisualStudioVersion = 17.12.35527.113
MinimumVisualStudioVersion = 10.0.40219.1
Project("{2150E333-8FDC-42A3-9474-1A3956D46DE8}") = "ChainOfResponsibilityDesignPattern", "ChainOfResponsibilityDesignPattern", "{A4813360-38A8-49A7-97C0-5C642FBBB5E3}"
EndProject
Project("{FAE04EC0-301F-11D3-BF4B-00C04F79EFBC}") = "DesignPattern.ChainOfResponsibility", "ChainOfResponsibilityDesignPattern\DesignPattern.ChainOfResponsibility\DesignPattern.ChainOfResponsibility.csproj", "{6B21F353-0FA2-419E-907F-54B6E93AB2FA}"
EndProject
Project("{2150E333-8FDC-42A3-9474-1A3956D46DE8}") = "CQRSDesignPattern", "CQRSDesignPattern", "{1D8FD139-755C-4F01-AB12-BBCA1C2C1330}"
EndProject
Project("{FAE04EC0-301F-11D3-BF4B-00C04F79EFBC}") = "DesignPattern.CQRS", "CQRSDesignPattern\DesignPattern.CQRS\DesignPattern.CQRS.csproj", "{9D32C5F6-F35E-417D-8803-994311D2F531}"
EndProject
Project("{2150E333-8FDC-42A3-9474-1A3956D46DE8}") = "TemplateMethodDesignPattern", "TemplateMethodDesignPattern", "{61BA32A3-375C-42F8-9F1E-E4936F7FD89B}"
EndProject
Project("{FAE04EC0-301F-11D3-BF4B-00C04F79EFBC}") = "DesignPattern.TemplateMethod", "TemplateMethodDesignPattern\DesignPattern.TemplateMethod\DesignPattern.TemplateMethod.csproj", "{D876A026-D207-45D6-999F-DE6E63C4745A}"
EndProject
Project("{2150E333-8FDC-42A3-9474-1A3956D46DE8}") = "ObserverDesignPattern", "ObserverDesignPattern", "{8DBD9CDB-D2C8-4E60-929C-D9A15A58B9C3}"
EndProject
Project("{FAE04EC0-301F-11D3-BF4B-00C04F79EFBC}") = "DesignPattern.Observer", "ObserverDesignPattern\DesignPattern.Observer\DesignPattern.Observer.csproj", "{1ABCB459-7E8A-452C-965B-2F52BE95E4BA}"
EndProject
Project("{2150E333-8FDC-42A3-9474-1A3956D46DE8}") = "UnitOfWorkDesignPattern", "UnitOfWorkDesignPattern", "{46202537-5032-44C3-94D2-8314CE2E31B9}"
EndProject
Project("{FAE04EC0-301F-11D3-BF4B-00C04F79EFBC}") = "DesingPattern.UnitOfWork", "UnitOfWorkDesignPattern\DesingPattern.UnitOfWork\DesingPattern.UnitOfWork.csproj", "{12ED00BA-4935-4302-B956-03BEBE32C089}"
EndProject
Project("{FAE04EC0-301F-11D3-BF4B-00C04F79EFBC}") = "DesingPattern.EntityLayer", "UnitOfWorkDesignPattern\DesingPattern.EntityLayer\DesingPattern.EntityLayer.csproj", "{949CE5F6-444B-45B8-9DC2-5852FA1C2A90}"
EndProject
Project("{FAE04EC0-301F-11D3-BF4B-00C04F79EFBC}") = "DesignPattern.DataAccessLayer", "UnitOfWorkDesignPattern\DesignPattern.DataAccessLayer\DesignPattern.DataAccessLayer.csproj", "{0B863B96-0AA0-4DB0-B066-2AC1D71D8C8B}"
EndProject
Project("{FAE04EC0-301F-11D3-BF4B-00C04F79EFBC}") = "DesignPattern.BusinessLayer", "UnitOfWorkDesignPattern\DesignPattern.BusinessLayer\DesignPattern.BusinessLayer.csproj", "{5DC0B3FD-C243-4781-B412-AEA42B45D003}"
EndProject
Project("{2150E333-8FDC-42A3-9474-1A3956D46DE8}") = "RepositoryDesignPattern", "RepositoryDesignPattern", "{AF11560B-AF29-42CD-9370-6FFBD9FA1F89}"
EndProject
Project("{FAE04EC0-301F-11D3-BF4B-00C04F79EFBC}") = "RepositoryDesignPattern.EntityLayer", "RepositoryDesignPattern\RepositoryDesignPattern.EntityLayer\RepositoryDesignPattern.EntityLayer.csproj", "{6703B62F-B8E2-4210-BA74-59DC2CD90422}"
EndProject
Project("{FAE04EC0-301F-11D3-BF4B-00C04F79EFBC}") = "RepositoryDesignPattern.DataAccessLayer", "RepositoryDesignPattern\RepositoryDesignPattern.DataAccessLayer\RepositoryDesignPattern.DataAccessLayer.csproj", "{1CAF016E-4BEC-426C-B93B-A11D42859DC5}"
EndProject
Project("{FAE04EC0-301F-11D3-BF4B-00C04F79EFBC}") = "RepositoryDesignPattern.BussinesLayer", "RepositoryDesignPattern\RepositoryDesignPattern.BussinesLayer\RepositoryDesignPattern.BussinesLayer.csproj", "{C9460BF5-A559-4B1A-A743-7A57105A295A}"
EndProject
Project("{FAE04EC0-301F-11D3-BF4B-00C04F79EFBC}") = "RepositoryDesignPattern.PresentationLayer", "RepositoryDesignPattern\RepositoryDesignPattern.PresentationLayer\RepositoryDesignPattern.PresentationLayer.csproj", "{4EF97ED4-D76A-4822-9F5D-4248A6523D55}"
EndProject
Project("{2150E333-8FDC-42A3-9474-1A3956D46DE8}") = "CompositeDesignPattern", "CompositeDesignPattern", "{4AEF695B-2387-487B-8863-4D4B9E1E39B3}"
EndProject
Project("{FAE04EC0-301F-11D3-BF4B-00C04F79EFBC}") = "DesignPattern.Composite", "CompositeDesignPattern\DesignPatter.Composite\DesignPattern.Composite.csproj", "{BC2B42D6-F38D-4D2B-904C-3E8FB1AF9CBE}"
EndProject
Project("{2150E333-8FDC-42A3-9474-1A3956D46DE8}") = "MediatorDesignPattern", "MediatorDesignPattern", "{AD4DDC3E-1B70-4D56-B0F3-ECC7851DF242}"
EndProject
Project("{FAE04EC0-301F-11D3-BF4B-00C04F79EFBC}") = "DesignPattern.Mediator", "MediatorDesignPattern\DesignPattern.Mediator\DesignPattern.Mediator.csproj", "{CDD7D546-D681-4AED-B764-46409F2F7A16}"
EndProject
Global
	GlobalSection(SolutionConfigurationPlatforms) = preSolution
		Debug|Any CPU = Debug|Any CPU
		Release|Any CPU = Release|Any CPU
	EndGlobalSection
	GlobalSection(ProjectConfigurationPlatforms) = postSolution
		{6B21F353-0FA2-419E-907F-54B6E93AB2FA}.Debug|Any CPU.ActiveCfg = Debug|Any CPU
		{6B21F353-0FA2-419E-907F-54B6E93AB2FA}.Debug|Any CPU.Build.0 = Debug|Any CPU
		{6B21F353-0FA2-419E-907F-54B6E93AB2FA}.Release|Any CPU.ActiveCfg = Release|Any CPU
		{6B21F353-0FA2-419E-907F-54B6E93AB2FA}.Release|Any CPU.Build.0 = Release|Any CPU
		{9D32C5F6-F35E-417D-8803-994311D2F531}.Debug|Any CPU.ActiveCfg = Debug|Any CPU
		{9D32C5F6-F35E-417D-8803-994311D2F531}.Debug|Any CPU.Build.0 = Debug|Any CPU
		{9D32C5F6-F35E-417D-8803-994311D2F531}.Release|Any CPU.ActiveCfg = Release|Any CPU
		{9D32C5F6-F35E-417D-8803-994311D2F531}.Release|Any CPU.Build.0 = Release|Any CPU
		{D876A026-D207-45D6-999F-DE6E63C4745A}.Debug|Any CPU.ActiveCfg = Debug|Any CPU
		{D876A026-D207-45D6-999F-DE6E63C4745A}.Debug|Any CPU.Build.0 = Debug|Any CPU
		{D876A026-D207-45D6-999F-DE6E63C4745A}.Release|Any CPU.ActiveCfg = Release|Any CPU
		{D876A026-D207-45D6-999F-DE6E63C4745A}.Release|Any CPU.Build.0 = Release|Any CPU
		{1ABCB459-7E8A-452C-965B-2F52BE95E4BA}.Debug|Any CPU.ActiveCfg = Debug|Any CPU
		{1ABCB459-7E8A-452C-965B-2F52BE95E4BA}.Debug|Any CPU.Build.0 = Debug|Any CPU
		{1ABCB459-7E8A-452C-965B-2F52BE95E4BA}.Release|Any CPU.ActiveCfg = Release|Any CPU
		{1ABCB459-7E8A-452C-965B-2F52BE95E4BA}.Release|Any CPU.Build.0 = Release|Any CPU
		{12ED00BA-4935-4302-B956-03BEBE32C089}.Debug|Any CPU.ActiveCfg = Debug|Any CPU
		{12ED00BA-4935-4302-B956-03BEBE32C089}.Debug|Any CPU.Build.0 = Debug|Any CPU
		{12ED00BA-4935-4302-B956-03BEBE32C089}.Release|Any CPU.ActiveCfg = Release|Any CPU
		{12ED00BA-4935-4302-B956-03BEBE32C089}.Release|Any CPU.Build.0 = Release|Any CPU
		{949CE5F6-444B-45B8-9DC2-5852FA1C2A90}.Debug|Any CPU.ActiveCfg = Debug|Any CPU
		{949CE5F6-444B-45B8-9DC2-5852FA1C2A90}.Debug|Any CPU.Build.0 = Debug|Any CPU
		{949CE5F6-444B-45B8-9DC2-5852FA1C2A90}.Release|Any CPU.ActiveCfg = Release|Any CPU
		{949CE5F6-444B-45B8-9DC2-5852FA1C2A90}.Release|Any CPU.Build.0 = Release|Any CPU
		{0B863B96-0AA0-4DB0-B066-2AC1D71D8C8B}.Debug|Any CPU.ActiveCfg = Debug|Any CPU
		{0B863B96-0AA0-4DB0-B066-2AC1D71D8C8B}.Debug|Any CPU.Build.0 = Debug|Any CPU
		{0B863B96-0AA0-4DB0-B066-2AC1D71D8C8B}.Release|Any CPU.ActiveCfg = Release|Any CPU
		{0B863B96-0AA0-4DB0-B066-2AC1D71D8C8B}.Release|Any CPU.Build.0 = Release|Any CPU
		{5DC0B3FD-C243-4781-B412-AEA42B45D003}.Debug|Any CPU.ActiveCfg = Debug|Any CPU
		{5DC0B3FD-C243-4781-B412-AEA42B45D003}.Debug|Any CPU.Build.0 = Debug|Any CPU
		{5DC0B3FD-C243-4781-B412-AEA42B45D003}.Release|Any CPU.ActiveCfg = Release|Any CPU
		{5DC0B3FD-C243-4781-B412-AEA42B45D003}.Release|Any CPU.Build.0 = Release|Any CPU
		{6703B62F-B8E2-4210-BA74-59DC2CD90422}.Debug|Any CPU.ActiveCfg = Debug|Any CPU
		{6703B62F-B8E2-4210-BA74-59DC2CD90422}.Debug|Any CPU.Build.0 = Debug|Any CPU
		{6703B62F-B8E2-4210-BA74-59DC2CD90422}.Release|Any CPU.ActiveCfg = Release|Any CPU
		{6703B62F-B8E2-4210-BA74-59DC2CD90422}.Release|Any CPU.Build.0 = Release|Any CPU
		{1CAF016E-4BEC-426C-B93B-A11D42859DC5}.Debug|Any CPU.ActiveCfg = Debug|Any CPU
		{1CAF016E-4BEC-426C-B93B-A11D42859DC5}.Debug|Any CPU.Build.0 = Debug|Any CPU
		{1CAF016E-4BEC-426C-B93B-A11D42859DC5}.Release|Any CPU.ActiveCfg = Release|Any CPU
		{1CAF016E-4BEC-426C-B93B-A11D42859DC5}.Release|Any CPU.Build.0 = Release|Any CPU
		{C9460BF5-A559-4B1A-A743-7A57105A295A}.Debug|Any CPU.ActiveCfg = Debug|Any CPU
		{C9460BF5-A559-4B1A-A743-7A57105A295A}.Debug|Any CPU.Build.0 = Debug|Any CPU
		{C9460BF5-A559-4B1A-A743-7A57105A295A}.Release|Any CPU.ActiveCfg = Release|Any CPU
		{C9460BF5-A559-4B1A-A743-7A57105A295A}.Release|Any CPU.Build.0 = Release|Any CPU
		{4EF97ED4-D76A-4822-9F5D-4248A6523D55}.Debug|Any CPU.ActiveCfg = Debug|Any CPU
		{4EF97ED4-D76A-4822-9F5D-4248A6523D55}.Debug|Any CPU.Build.0 = Debug|Any CPU
		{4EF97ED4-D76A-4822-9F5D-4248A6523D55}.Release|Any CPU.ActiveCfg = Release|Any CPU
		{4EF97ED4-D76A-4822-9F5D-4248A6523D55}.Release|Any CPU.Build.0 = Release|Any CPU
		{BC2B42D6-F38D-4D2B-904C-3E8FB1AF9CBE}.Debug|Any CPU.ActiveCfg = Debug|Any CPU
		{BC2B42D6-F38D-4D2B-904C-3E8FB1AF9CBE}.Debug|Any CPU.Build.0 = Debug|Any CPU
		{BC2B42D6-F38D-4D2B-904C-3E8FB1AF9CBE}.Release|Any CPU.ActiveCfg = Release|Any CPU
		{BC2B42D6-F38D-4D2B-904C-3E8FB1AF9CBE}.Release|Any CPU.Build.0 = Release|Any CPU
		{CDD7D546-D681-4AED-B764-46409F2F7A16}.Debug|Any CPU.ActiveCfg = Debug|Any CPU
		{CDD7D546-D681-4AED-B764-46409F2F7A16}.Debug|Any CPU.Build.0 = Debug|Any CPU
		{CDD7D546-D681-4AED-B764-46409F2F7A16}.Release|Any CPU.ActiveCfg = Release|Any CPU
		{CDD7D546-D681-4AED-B764-46409F2F7A16}.Release|Any CPU.Build.0 = Release|Any CPU
	EndGlobalSection
	GlobalSection(SolutionProperties) = preSolution
		HideSolutionNode = FALSE
	EndGlobalSection
	GlobalSection(NestedProjects) = preSolution
		{6B21F353-0FA2-419E-907F-54B6E93AB2FA} = {A4813360-38A8-49A7-97C0-5C642FBBB5E3}
		{9D32C5F6-F35E-417D-8803-994311D2F531} = {1D8FD139-755C-4F01-AB12-BBCA1C2C1330}
		{D876A026-D207-45D6-999F-DE6E63C4745A} = {61BA32A3-375C-42F8-9F1E-E4936F7FD89B}
		{1ABCB459-7E8A-452C-965B-2F52BE95E4BA} = {8DBD9CDB-D2C8-4E60-929C-D9A15A58B9C3}
		{12ED00BA-4935-4302-B956-03BEBE32C089} = {46202537-5032-44C3-94D2-8314CE2E31B9}
		{949CE5F6-444B-45B8-9DC2-5852FA1C2A90} = {46202537-5032-44C3-94D2-8314CE2E31B9}
		{0B863B96-0AA0-4DB0-B066-2AC1D71D8C8B} = {46202537-5032-44C3-94D2-8314CE2E31B9}
		{5DC0B3FD-C243-4781-B412-AEA42B45D003} = {46202537-5032-44C3-94D2-8314CE2E31B9}
		{6703B62F-B8E2-4210-BA74-59DC2CD90422} = {AF11560B-AF29-42CD-9370-6FFBD9FA1F89}
		{1CAF016E-4BEC-426C-B93B-A11D42859DC5} = {AF11560B-AF29-42CD-9370-6FFBD9FA1F89}
		{C9460BF5-A559-4B1A-A743-7A57105A295A} = {AF11560B-AF29-42CD-9370-6FFBD9FA1F89}
		{4EF97ED4-D76A-4822-9F5D-4248A6523D55} = {AF11560B-AF29-42CD-9370-6FFBD9FA1F89}
		{BC2B42D6-F38D-4D2B-904C-3E8FB1AF9CBE} = {4AEF695B-2387-487B-8863-4D4B9E1E39B3}
		{CDD7D546-D681-4AED-B764-46409F2F7A16} = {AD4DDC3E-1B70-4D56-B0F3-ECC7851DF242}
	EndGlobalSection
EndGlobal
